github.com/dgrijalva/jwt-go v3.2.0+incompatible h1:7qlOGliEKZXTDg6OTjfoBKDXWrumCAMpl/TFQ4/5kLM=
github.com/dgrijalva/jwt-go v3.2.0+incompatible/go.mod h1:E3ru+11k8xSBh+hMPgOLZmtrrCbhqsmaPHjLKYnJCaQ=
github.com/go-osin/osincli v0.0.0-20160924135400-fababb0555f2 h1:31CmUDZnf2S+GSp5EJr5ypq5eX1INp7sjDQKsN/EZYQ=
github.com/go-osin/osincli v0.0.0-20160924135400-fababb0555f2/go.mod h1:202qSZDJNA1ocQKBw4/Fuaby5w+Ehmjk8np0FJ7GhPY=
github.com/google/uuid v1.0.0 h1:b4Gk+7WdP/d3HZH8EJsZpvV7EtDOgaZLtnaNGIu1adA=
github.com/google/uuid v1.0.0/go.mod h1:TIyPZe4MgqvfeYDBFedMoGGpEw/LqOeaOT+nhxU+yHo=
github.com/pborman/uuid v1.2.1 h1:+ZZIw58t/ozdjRaXh/3awHfmWRbzYxJoAdNJxe/3pvw=
github.com/pborman/uuid v1.2.1/go.mod h1:X/NO0urCmaxf9VXbdlT7C2Yzkj2IKimNn4k+gtPdI/k=
golang.org/x/oauth2 v0.31.0 h1:8Fq0yVZLh4j4YA47vHKFTa9Ew5XIrCP8LC6UeNZnLxo=
golang.org/x/oauth2 v0.31.0/go.mod h1:lzm5WQJQwKZ3nwavOZ3IS5Aulzxi68dUSgRHujetwEA=
gopkg.in/square/go-jose.v1 v1.1.2 h1:/5jmADZB+RiKtZGr4HxsEFOEfbfsjTKsVnqpThUpE30=
gopkg.in/square/go-jose.v1 v1.1.2/go.mod h1:QpYS+a4WhS+DTlyQIi6Ka7MS3SuR9a055rgXNEe6EiA=
